PODS:
  - AFDateHelper (4.3.0)
  - Alamofire (5.6.4)
  - AMPopTip (4.10.0)
  - BESDK (1.0.9):
    - AFDateHelper
    - Alamofire (~> 5.0)
    - AMPopTip
    - CryptoSwift
    - GoogleMaps
    - Haptica
    - NKModalViewManager
    - NVActivityIndicatorView/AppExtension (~> 4.8.0)
    - SDWebImage
    - SwiftDate (~> 6.1.0)
    - SwiftEntryKit (~> 1.2.7)
    - SwiftGen
    - SwiftLocation (~> 3.2.3)
    - SwiftyAttributes
    - SwiftyJSON
    - SwiftySound
  - CryptoSwift (1.6.0)
  - GoogleMaps (5.2.0):
    - GoogleMaps/Maps (= 5.2.0)
  - GoogleMaps/Base (5.2.0)
  - GoogleMaps/Maps (5.2.0):
    - GoogleMaps/Base
  - Haptica (3.0.3)
  - NKModalViewManager (3.5.3)
  - NVActivityIndicatorView/AppExtension (4.8.0)
  - QuickLayout (3.0.0)
  - SDWebImage (5.14.2):
    - SDWebImage/Core (= 5.14.2)
  - SDWebImage/Core (5.14.2)
  - SwiftDate (6.1.0)
  - SwiftEntryKit (1.2.7):
    - QuickLayout (= 3.0.0)
  - SwiftGen (6.6.2)
  - SwiftLocation (3.2.3):
    - SwiftyJSON (~> 4.0.0-alpha.1)
  - SwiftyAttributes (5.1.1)
  - SwiftyJSON (4.0.0)
  - SwiftySound (1.2.0)

DEPENDENCIES:
  - BESDK (from `https://github.com/belatoi/besdk-transport.git`, branch `development`)

SPEC REPOS:
  trunk:
    - AFDateHelper
    - Alamofire
    - AMPopTip
    - CryptoSwift
    - GoogleMaps
    - Haptica
    - NKModalViewManager
    - NVActivityIndicatorView
    - QuickLayout
    - SDWebImage
    - SwiftDate
    - SwiftEntryKit
    - SwiftGen
    - SwiftLocation
    - SwiftyAttributes
    - SwiftyJSON
    - SwiftySound

EXTERNAL SOURCES:
  BESDK:
    :branch: development
    :git: https://github.com/belatoi/besdk-transport.git

CHECKOUT OPTIONS:
  BESDK:
    :commit: f041ed10a43a9ce9e36696f4a26077af078b8acb
    :git: https://github.com/belatoi/besdk-transport.git

SPEC CHECKSUMS:
  AFDateHelper: b769c07d3d4784ee9a74633285304261bb27dc52
  Alamofire: 4e95d97098eacb88856099c4fc79b526a299e48c
  AMPopTip: 4630471652faf06872f72a39bfcb6f5b68a7e208
  BESDK: 7eda9e3cec546989a596a7de9a3af2b3ea29baec
  CryptoSwift: 562f8eceb40e80796fffc668b0cad9313284cfa6
  GoogleMaps: 025272d5876d3b32604e5c080dc25eaf68764693
  Haptica: 23497230b2d7476621f7860263ae0667279a0a89
  NKModalViewManager: aa52c0abdc2633b1ed3464baeb65dabfa9785dc3
  NVActivityIndicatorView: d24b7ebcf80af5dcd994adb650e2b6c93379270f
  QuickLayout: 07b45a72b10083fee3f095990cfed1c1e7b27f0a
  SDWebImage: b9a731e1d6307f44ca703b3976d18c24ca561e84
  SwiftDate: fa2bb3962056bb44047b4b85a30044e5eae30b03
  SwiftEntryKit: 537c92699d6034efb1ef9c32b11e0b37c97aa589
  SwiftGen: 1366a7f71aeef49954ca5a63ba4bef6b0f24138c
  SwiftLocation: a3c3bc2023118171ef3572188a31def94aa0892c
  SwiftyAttributes: e3e13891ddac3c62b3d7798d5c3969cea88e62bb
  SwiftyJSON: 070dabdcb1beb81b247c65ffa3a79dbbfb3b48aa
  SwiftySound: 9eb28bb14edb601b40027e44319e0ef8383f88bf

PODFILE CHECKSUM: 09a717ab62388d2bfb8575e1beca8e65dbce5a57

COCOAPODS: 1.11.3
